
Microsoft Visual Studio Solution File, Format Version 12.00
# Visual Studio Version 17
VisualStudioVersion = 17.14.36915.13 d17.14
MinimumVisualStudioVersion = 10.0.40219.1
Project("{FAE04EC0-301F-11D3-BF4B-00C04F79EFBC}") = "FinancialManagement.Api", "FinancialManagement.Api\FinancialManagement.Api.csproj", "{78C85503-ECB8-4427-9688-92968D448AB7}"
EndProject
Global
	GlobalSection(SolutionConfigurationPlatforms) = preSolution
		Debug|Any CPU = Debug|Any CPU
		Release|Any CPU = Release|Any CPU
	EndGlobalSection
	GlobalSection(ProjectConfigurationPlatforms) = postSolution
		{78C85503-ECB8-4427-9688-92968D448AB7}.Debug|Any CPU.ActiveCfg = Debug|Any CPU
		{78C85503-ECB8-4427-9688-92968D448AB7}.Debug|Any CPU.Build.0 = Debug|Any CPU
		{78C85503-ECB8-4427-9688-92968D448AB7}.Release|Any CPU.ActiveCfg = Release|Any CPU
		{78C85503-ECB8-4427-9688-92968D448AB7}.Release|Any CPU.Build.0 = Release|Any CPU
	EndGlobalSection
	GlobalSection(SolutionProperties) = preSolution
		HideSolutionNode = FALSE
	EndGlobalSection
	GlobalSection(ExtensibilityGlobals) = postSolution
		SolutionGuid = {794CA47D-57DB-477F-83B8-254D8A0C892C}
	EndGlobalSection
EndGlobal
